// !$*UTF8*$!
{
	archiveVersion = 1;
	classes = {
	};
	objectVersion = 46;
	objects = {

/* Begin PBXBuildFile section */
		099929D4216B99C200C6C21E /* DependencyManager.framework in Frameworks */ = {isa = PBXBuildFile; fileRef = 099929CB216B99C200C6C21E /* DependencyManager.framework */; };
		099929E0216B99C200C6C21E /* DependencyManager.framework in Frameworks */ = {isa = PBXBuildFile; fileRef = 099929CB216B99C200C6C21E /* DependencyManager.framework */; };
		099929E1216B99C200C6C21E /* DependencyManager.framework in Embed Frameworks */ = {isa = PBXBuildFile; fileRef = 099929CB216B99C200C6C21E /* DependencyManager.framework */; settings = {ATTRIBUTES = (CodeSignOnCopy, RemoveHeadersOnCopy, ); }; };
		09FCACD2216B9BCA004601A0 /* DependencyManager.swift in Sources */ = {isa = PBXBuildFile; fileRef = 09FCACD0216B9BCA004601A0 /* DependencyManager.swift */; };
		09FCACD6216BA09A004601A0 /* StringService.swift in Sources */ = {isa = PBXBuildFile; fileRef = 09FCACD4216B9EC9004601A0 /* StringService.swift */; };
		09FCACD8216BAAE0004601A0 /* DependencyManagerTests.swift in Sources */ = {isa = PBXBuildFile; fileRef = 099929AC216B8D1400C6C21E /* DependencyManagerTests.swift */; };
		607FACD61AFB9204008FA782 /* AppDelegate.swift in Sources */ = {isa = PBXBuildFile; fileRef = 607FACD51AFB9204008FA782 /* AppDelegate.swift */; };
		607FACD81AFB9204008FA782 /* ViewController.swift in Sources */ = {isa = PBXBuildFile; fileRef = 607FACD71AFB9204008FA782 /* ViewController.swift */; };
		607FACDB1AFB9204008FA782 /* Main.storyboard in Resources */ = {isa = PBXBuildFile; fileRef = 607FACD91AFB9204008FA782 /* Main.storyboard */; };
		607FACDD1AFB9204008FA782 /* Images.xcassets in Resources */ = {isa = PBXBuildFile; fileRef = 607FACDC1AFB9204008FA782 /* Images.xcassets */; };
		607FACE01AFB9204008FA782 /* LaunchScreen.xib in Resources */ = {isa = PBXBuildFile; fileRef = 607FACDE1AFB9204008FA782 /* LaunchScreen.xib */; };
/* End PBXBuildFile section */

/* Begin PBXContainerItemProxy section */
		099929D5216B99C200C6C21E /* PBXContainerItemProxy */ = {
			isa = PBXContainerItemProxy;
			containerPortal = 607FACC81AFB9204008FA782 /* Project object */;
			proxyType = 1;
			remoteGlobalIDString = 099929CA216B99C200C6C21E;
			remoteInfo = DependencyManager;
		};
		099929DE216B99C200C6C21E /* PBXContainerItemProxy */ = {
			isa = PBXContainerItemProxy;
			containerPortal = 607FACC81AFB9204008FA782 /* Project object */;
			proxyType = 1;
			remoteGlobalIDString = 099929CA216B99C200C6C21E;
			remoteInfo = DependencyManager;
		};
		09FCACDA216BABA7004601A0 /* PBXContainerItemProxy */ = {
			isa = PBXContainerItemProxy;
			containerPortal = 607FACC81AFB9204008FA782 /* Project object */;
			proxyType = 1;
			remoteGlobalIDString = 607FACCF1AFB9204008FA782;
			remoteInfo = DependencyManager_Example;
		};
/* End PBXContainerItemProxy section */

/* Begin PBXCopyFilesBuildPhase section */
		099929B7216B8D1400C6C21E /* Embed Frameworks */ = {
			isa = PBXCopyFilesBuildPhase;
			buildActionMask = 2147483647;
			dstPath = "";
			dstSubfolderSpec = 10;
			files = (
				099929E1216B99C200C6C21E /* DependencyManager.framework in Embed Frameworks */,
			);
			name = "Embed Frameworks";
			runOnlyForDeploymentPostprocessing = 0;
		};
/* End PBXCopyFilesBuildPhase section */

/* Begin PBXFileReference section */
		099929AC216B8D1400C6C21E /* DependencyManagerTests.swift */ = {isa = PBXFileReference; lastKnownFileType = sourcecode.swift; path = DependencyManagerTests.swift; sourceTree = "<group>"; };
		099929AE216B8D1400C6C21E /* Info.plist */ = {isa = PBXFileReference; lastKnownFileType = text.plist.xml; path = Info.plist; sourceTree = "<group>"; };
		099929CB216B99C200C6C21E /* DependencyManager.framework */ = {isa = PBXFileReference; explicitFileType = wrapper.framework; includeInIndex = 0; path = DependencyManager.framework; sourceTree = BUILT_PRODUCTS_DIR; };
		099929D3216B99C200C6C21E /* DependencyManagerTests.xctest */ = {isa = PBXFileReference; explicitFileType = wrapper.cfbundle; includeInIndex = 0; path = DependencyManagerTests.xctest; sourceTree = BUILT_PRODUCTS_DIR; };
		099929E9216B99D800C6C21E /* DependencyManager.h */ = {isa = PBXFileReference; fileEncoding = 4; lastKnownFileType = sourcecode.c.h; path = DependencyManager.h; sourceTree = "<group>"; };
		099929EA216B99D800C6C21E /* Info.plist */ = {isa = PBXFileReference; fileEncoding = 4; lastKnownFileType = text.plist.xml; path = Info.plist; sourceTree = "<group>"; };
		09FCACD0216B9BCA004601A0 /* DependencyManager.swift */ = {isa = PBXFileReference; fileEncoding = 4; lastKnownFileType = sourcecode.swift; path = DependencyManager.swift; sourceTree = "<group>"; };
		09FCACD4216B9EC9004601A0 /* StringService.swift */ = {isa = PBXFileReference; lastKnownFileType = sourcecode.swift; path = StringService.swift; sourceTree = "<group>"; };
		607FACD01AFB9204008FA782 /* DependencyManager_Example.app */ = {isa = PBXFileReference; explicitFileType = wrapper.application; includeInIndex = 0; path = DependencyManager_Example.app; sourceTree = BUILT_PRODUCTS_DIR; };
		607FACD51AFB9204008FA782 /* AppDelegate.swift */ = {isa = PBXFileReference; lastKnownFileType = sourcecode.swift; path = AppDelegate.swift; sourceTree = "<group>"; };
		607FACD71AFB9204008FA782 /* ViewController.swift */ = {isa = PBXFileReference; lastKnownFileType = sourcecode.swift; path = ViewController.swift; sourceTree = "<group>"; };
		607FACDA1AFB9204008FA782 /* Base */ = {isa = PBXFileReference; lastKnownFileType = file.storyboard; name = Base; path = Base.lproj/Main.storyboard; sourceTree = "<group>"; };
		607FACDC1AFB9204008FA782 /* Images.xcassets */ = {isa = PBXFileReference; lastKnownFileType = folder.assetcatalog; path = Images.xcassets; sourceTree = "<group>"; };
		607FACDF1AFB9204008FA782 /* Base */ = {isa = PBXFileReference; lastKnownFileType = file.xib; name = Base; path = Base.lproj/LaunchScreen.xib; sourceTree = "<group>"; };
		824B85C3B8FB3B45A517D01B /* LICENSE */ = {isa = PBXFileReference; includeInIndex = 1; lastKnownFileType = text; path = LICENSE; sourceTree = "<group>"; };
		9475628815C7AE28165B5D81 /* DependencyManager.podspec */ = {isa = PBXFileReference; includeInIndex = 1; lastKnownFileType = text; path = DependencyManager.podspec; sourceTree = "<group>"; xcLanguageSpecificationIdentifier = xcode.lang.ruby; };
		D234CD97F4A2AFC67183E598 /* README.md */ = {isa = PBXFileReference; includeInIndex = 1; lastKnownFileType = net.daringfireball.markdown; path = README.md; sourceTree = "<group>"; };
/* End PBXFileReference section */

/* Begin PBXFrameworksBuildPhase section */
		099929C8216B99C200C6C21E /* Frameworks */ = {
			isa = PBXFrameworksBuildPhase;
			buildActionMask = 2147483647;
			files = (
			);
			runOnlyForDeploymentPostprocessing = 0;
		};
		099929D0216B99C200C6C21E /* Frameworks */ = {
			isa = PBXFrameworksBuildPhase;
			buildActionMask = 2147483647;
			files = (
				099929D4216B99C200C6C21E /* DependencyManager.framework in Frameworks */,
			);
			runOnlyForDeploymentPostprocessing = 0;
		};
		607FACCD1AFB9204008FA782 /* Frameworks */ = {
			isa = PBXFrameworksBuildPhase;
			buildActionMask = 2147483647;
			files = (
				099929E0216B99C200C6C21E /* DependencyManager.framework in Frameworks */,
			);
			runOnlyForDeploymentPostprocessing = 0;
		};
/* End PBXFrameworksBuildPhase section */

/* Begin PBXGroup section */
		099929AB216B8D1400C6C21E /* DependencyManagerTests */ = {
			isa = PBXGroup;
			children = (
				099929AC216B8D1400C6C21E /* DependencyManagerTests.swift */,
				099929AE216B8D1400C6C21E /* Info.plist */,
			);
			path = DependencyManagerTests;
			sourceTree = "<group>";
		};
		099929E8216B99D800C6C21E /* DependencyManager */ = {
			isa = PBXGroup;
			children = (
				09FCACCF216B9BCA004601A0 /* Classes */,
				099929E9216B99D800C6C21E /* DependencyManager.h */,
				099929EA216B99D800C6C21E /* Info.plist */,
			);
			path = DependencyManager;
			sourceTree = "<group>";
		};
		09FCACCF216B9BCA004601A0 /* Classes */ = {
			isa = PBXGroup;
			children = (
				09FCACD0216B9BCA004601A0 /* DependencyManager.swift */,
			);
			path = Classes;
			sourceTree = "<group>";
		};
		607FACC71AFB9204008FA782 = {
			isa = PBXGroup;
			children = (
				099929E8216B99D800C6C21E /* DependencyManager */,
				607FACF51AFB993E008FA782 /* Podspec Metadata */,
				607FACD21AFB9204008FA782 /* Example for DependencyManager */,
				099929AB216B8D1400C6C21E /* DependencyManagerTests */,
				607FACD11AFB9204008FA782 /* Products */,
				BA0BF826AB2A718ECCEBB94C /* Frameworks */,
			);
			sourceTree = "<group>";
		};
		607FACD11AFB9204008FA782 /* Products */ = {
			isa = PBXGroup;
			children = (
				607FACD01AFB9204008FA782 /* DependencyManager_Example.app */,
				099929CB216B99C200C6C21E /* DependencyManager.framework */,
				099929D3216B99C200C6C21E /* DependencyManagerTests.xctest */,
			);
			name = Products;
			sourceTree = "<group>";
		};
		607FACD21AFB9204008FA782 /* Example for DependencyManager */ = {
			isa = PBXGroup;
			children = (
				607FACD51AFB9204008FA782 /* AppDelegate.swift */,
				607FACD71AFB9204008FA782 /* ViewController.swift */,
				09FCACD4216B9EC9004601A0 /* StringService.swift */,
				607FACD91AFB9204008FA782 /* Main.storyboard */,
				607FACDC1AFB9204008FA782 /* Images.xcassets */,
				607FACDE1AFB9204008FA782 /* LaunchScreen.xib */,
				607FACD31AFB9204008FA782 /* Supporting Files */,
			);
			name = "Example for DependencyManager";
			path = Example/DependencyManagerExample;
			sourceTree = "<group>";
		};
		607FACD31AFB9204008FA782 /* Supporting Files */ = {
			isa = PBXGroup;
			children = (
			);
			name = "Supporting Files";
			sourceTree = "<group>";
		};
		607FACF51AFB993E008FA782 /* Podspec Metadata */ = {
			isa = PBXGroup;
			children = (
				9475628815C7AE28165B5D81 /* DependencyManager.podspec */,
				D234CD97F4A2AFC67183E598 /* README.md */,
				824B85C3B8FB3B45A517D01B /* LICENSE */,
			);
			name = "Podspec Metadata";
			sourceTree = "<group>";
		};
		BA0BF826AB2A718ECCEBB94C /* Frameworks */ = {
			isa = PBXGroup;
			children = (
			);
			name = Frameworks;
			sourceTree = "<group>";
		};
/* End PBXGroup section */

/* Begin PBXHeadersBuildPhase section */
		099929C6216B99C200C6C21E /* Headers */ = {
			isa = PBXHeadersBuildPhase;
			buildActionMask = 2147483647;
			files = (
			);
			runOnlyForDeploymentPostprocessing = 0;
		};
/* End PBXHeadersBuildPhase section */

/* Begin PBXNativeTarget section */
		099929CA216B99C200C6C21E /* DependencyManager */ = {
			isa = PBXNativeTarget;
			buildConfigurationList = 099929E2216B99C200C6C21E /* Build configuration list for PBXNativeTarget "DependencyManager" */;
			buildPhases = (
				099929C6216B99C200C6C21E /* Headers */,
				099929C7216B99C200C6C21E /* Sources */,
				099929C8216B99C200C6C21E /* Frameworks */,
				099929C9216B99C200C6C21E /* Resources */,
			);
			buildRules = (
			);
			dependencies = (
			);
			name = DependencyManager;
			productName = DependencyManager;
			productReference = 099929CB216B99C200C6C21E /* DependencyManager.framework */;
			productType = "com.apple.product-type.framework";
		};
		099929D2216B99C200C6C21E /* DependencyManagerTests */ = {
			isa = PBXNativeTarget;
			buildConfigurationList = 099929E5216B99C200C6C21E /* Build configuration list for PBXNativeTarget "DependencyManagerTests" */;
			buildPhases = (
				099929CF216B99C200C6C21E /* Sources */,
				099929D0216B99C200C6C21E /* Frameworks */,
				099929D1216B99C200C6C21E /* Resources */,
			);
			buildRules = (
			);
			dependencies = (
				099929D6216B99C200C6C21E /* PBXTargetDependency */,
				09FCACDB216BABA7004601A0 /* PBXTargetDependency */,
			);
			name = DependencyManagerTests;
			productName = DependencyManagerTests;
			productReference = 099929D3216B99C200C6C21E /* DependencyManagerTests.xctest */;
			productType = "com.apple.product-type.bundle.unit-test";
		};
		607FACCF1AFB9204008FA782 /* DependencyManager_Example */ = {
			isa = PBXNativeTarget;
			buildConfigurationList = 607FACEF1AFB9204008FA782 /* Build configuration list for PBXNativeTarget "DependencyManager_Example" */;
			buildPhases = (
				607FACCC1AFB9204008FA782 /* Sources */,
				607FACCD1AFB9204008FA782 /* Frameworks */,
				607FACCE1AFB9204008FA782 /* Resources */,
				099929B7216B8D1400C6C21E /* Embed Frameworks */,
			);
			buildRules = (
			);
			dependencies = (
				099929DF216B99C200C6C21E /* PBXTargetDependency */,
			);
			name = DependencyManager_Example;
			productName = DependencyManager;
			productReference = 607FACD01AFB9204008FA782 /* DependencyManager_Example.app */;
			productType = "com.apple.product-type.application";
		};
/* End PBXNativeTarget section */

/* Begin PBXProject section */
		607FACC81AFB9204008FA782 /* Project object */ = {
			isa = PBXProject;
			attributes = {
				LastSwiftUpdateCheck = 1000;
				LastUpgradeCheck = 0830;
				ORGANIZATIONNAME = CocoaPods;
				TargetAttributes = {
					099929CA216B99C200C6C21E = {
						CreatedOnToolsVersion = 10.0;
						ProvisioningStyle = Automatic;
					};
					099929D2216B99C200C6C21E = {
						CreatedOnToolsVersion = 10.0;
						DevelopmentTeam = 8FGH22ST4D;
						ProvisioningStyle = Automatic;
						TestTargetID = 607FACCF1AFB9204008FA782;
					};
					607FACCF1AFB9204008FA782 = {
						CreatedOnToolsVersion = 6.3.1;
						LastSwiftMigration = 0900;
					};
				};
			};
			buildConfigurationList = 607FACCB1AFB9204008FA782 /* Build configuration list for PBXProject "DependencyManager" */;
			compatibilityVersion = "Xcode 3.2";
			developmentRegion = English;
			hasScannedForEncodings = 0;
			knownRegions = (
				en,
				Base,
			);
			mainGroup = 607FACC71AFB9204008FA782;
			productRefGroup = 607FACD11AFB9204008FA782 /* Products */;
			projectDirPath = "";
			projectRoot = "";
			targets = (
				607FACCF1AFB9204008FA782 /* DependencyManager_Example */,
				099929CA216B99C200C6C21E /* DependencyManager */,
				099929D2216B99C200C6C21E /* DependencyManagerTests */,
			);
		};
/* End PBXProject section */

/* Begin PBXResourcesBuildPhase section */
		099929C9216B99C200C6C21E /* Resources */ = {
			isa = PBXResourcesBuildPhase;
			buildActionMask = 2147483647;
			files = (
			);
			runOnlyForDeploymentPostprocessing = 0;
		};
		099929D1216B99C200C6C21E /* Resources */ = {
			isa = PBXResourcesBuildPhase;
			buildActionMask = 2147483647;
			files = (
			);
			runOnlyForDeploymentPostprocessing = 0;
		};
		607FACCE1AFB9204008FA782 /* Resources */ = {
			isa = PBXResourcesBuildPhase;
			buildActionMask = 2147483647;
			files = (
				607FACDB1AFB9204008FA782 /* Main.storyboard in Resources */,
				607FACE01AFB9204008FA782 /* LaunchScreen.xib in Resources */,
				607FACDD1AFB9204008FA782 /* Images.xcassets in Resources */,
			);
			runOnlyForDeploymentPostprocessing = 0;
		};
/* End PBXResourcesBuildPhase section */

/* Begin PBXSourcesBuildPhase section */
		099929C7216B99C200C6C21E /* Sources */ = {
			isa = PBXSourcesBuildPhase;
			buildActionMask = 2147483647;
			files = (
				09FCACD2216B9BCA004601A0 /* DependencyManager.swift in Sources */,
			);
			runOnlyForDeploymentPostprocessing = 0;
		};
		099929CF216B99C200C6C21E /* Sources */ = {
			isa = PBXSourcesBuildPhase;
			buildActionMask = 2147483647;
			files = (
				09FCACD8216BAAE0004601A0 /* DependencyManagerTests.swift in Sources */,
			);
			runOnlyForDeploymentPostprocessing = 0;
		};
		607FACCC1AFB9204008FA782 /* Sources */ = {
			isa = PBXSourcesBuildPhase;
			buildActionMask = 2147483647;
			files = (
				09FCACD6216BA09A004601A0 /* StringService.swift in Sources */,
				607FACD81AFB9204008FA782 /* ViewController.swift in Sources */,
				607FACD61AFB9204008FA782 /* AppDelegate.swift in Sources */,
			);
			runOnlyForDeploymentPostprocessing = 0;
		};
/* End PBXSourcesBuildPhase section */

/* Begin PBXTargetDependency section */
		099929D6216B99C200C6C21E /* PBXTargetDependency */ = {
			isa = PBXTargetDependency;
			target = 099929CA216B99C200C6C21E /* DependencyManager */;
			targetProxy = 099929D5216B99C200C6C21E /* PBXContainerItemProxy */;
		};
		099929DF216B99C200C6C21E /* PBXTargetDependency */ = {
			isa = PBXTargetDependency;
			target = 099929CA216B99C200C6C21E /* DependencyManager */;
			targetProxy = 099929DE216B99C200C6C21E /* PBXContainerItemProxy */;
		};
		09FCACDB216BABA7004601A0 /* PBXTargetDependency */ = {
			isa = PBXTargetDependency;
			target = 607FACCF1AFB9204008FA782 /* DependencyManager_Example */;
			targetProxy = 09FCACDA216BABA7004601A0 /* PBXContainerItemProxy */;
		};
/* End PBXTargetDependency section */

/* Begin PBXVariantGroup section */
		607FACD91AFB9204008FA782 /* Main.storyboard */ = {
			isa = PBXVariantGroup;
			children = (
				607FACDA1AFB9204008FA782 /* Base */,
			);
			name = Main.storyboard;
			sourceTree = "<group>";
		};
		607FACDE1AFB9204008FA782 /* LaunchScreen.xib */ = {
			isa = PBXVariantGroup;
			children = (
				607FACDF1AFB9204008FA782 /* Base */,
			);
			name = LaunchScreen.xib;
			sourceTree = "<group>";
		};
/* End PBXVariantGroup section */

/* Begin XCBuildConfiguration section */
		099929E4216B99C200C6C21E /* Release */ = {
			isa = XCBuildConfiguration;
			buildSettings = {
				CLANG_ANALYZER_NONNULL = YES;
				CLANG_ANALYZER_NUMBER_OBJECT_CONVERSION = YES_AGGRESSIVE;
				CLANG_CXX_LANGUAGE_STANDARD = "gnu++14";
				CLANG_ENABLE_OBJC_WEAK = YES;
				CLANG_WARN_DEPRECATED_OBJC_IMPLEMENTATIONS = YES;
				CLANG_WARN_DOCUMENTATION_COMMENTS = YES;
				CLANG_WARN_OBJC_IMPLICIT_RETAIN_SELF = YES;
				CLANG_WARN_UNGUARDED_AVAILABILITY = YES_AGGRESSIVE;
				CODE_SIGN_IDENTITY = "iPhone Developer";
				CODE_SIGN_STYLE = Automatic;
				CURRENT_PROJECT_VERSION = 1;
				DEFINES_MODULE = YES;
				DYLIB_COMPATIBILITY_VERSION = 1;
				DYLIB_CURRENT_VERSION = 1;
				DYLIB_INSTALL_NAME_BASE = "@rpath";
				GCC_C_LANGUAGE_STANDARD = gnu11;
				INFOPLIST_FILE = DependencyManager/Info.plist;
				INSTALL_PATH = "$(LOCAL_LIBRARY_DIR)/Frameworks";
				IPHONEOS_DEPLOYMENT_TARGET = 10.0;
				LD_RUNPATH_SEARCH_PATHS = "$(inherited) @executable_path/Frameworks @loader_path/Frameworks";
				MTL_FAST_MATH = YES;
				PRODUCT_BUNDLE_IDENTIFIER = "org.gilde-de-fer.DependencyManager";
				PRODUCT_NAME = "$(TARGET_NAME:c99extidentifier)";
				SKIP_INSTALL = YES;
				SWIFT_VERSION = 4.2;
				TARGETED_DEVICE_FAMILY = "1,2";
				VERSIONING_SYSTEM = "apple-generic";
				VERSION_INFO_PREFIX = "";
			};
			name = Release;
		};
		099929E7216B99C200C6C21E /* Release */ = {
			isa = XCBuildConfiguration;
			buildSettings = {
				ALWAYS_EMBED_SWIFT_STANDARD_LIBRARIES = YES;
				BUNDLE_LOADER = "$(TEST_HOST)";
				CLANG_ANALYZER_NONNULL = YES;
				CLANG_ANALYZER_NUMBER_OBJECT_CONVERSION = YES_AGGRESSIVE;
				CLANG_CXX_LANGUAGE_STANDARD = "gnu++14";
				CLANG_ENABLE_OBJC_WEAK = YES;
				CLANG_WARN_DEPRECATED_OBJC_IMPLEMENTATIONS = YES;
				CLANG_WARN_DOCUMENTATION_COMMENTS = YES;
				CLANG_WARN_OBJC_IMPLICIT_RETAIN_SELF = YES;
				CLANG_WARN_UNGUARDED_AVAILABILITY = YES_AGGRESSIVE;
				CODE_SIGN_IDENTITY = "iPhone Developer";
				CODE_SIGN_STYLE = Automatic;
				DEVELOPMENT_TEAM = 8FGH22ST4D;
				GCC_C_LANGUAGE_STANDARD = gnu11;
				INFOPLIST_FILE = DependencyManagerTests/Info.plist;
				IPHONEOS_DEPLOYMENT_TARGET = 12.0;
				LD_RUNPATH_SEARCH_PATHS = "$(inherited) @executable_path/Frameworks @loader_path/Frameworks";
				MTL_FAST_MATH = YES;
				PRODUCT_BUNDLE_IDENTIFIER = "org.gilde-de-fer.DependencyManagerTests";
				PRODUCT_NAME = "$(TARGET_NAME)";
				SWIFT_VERSION = 4.2;
				TARGETED_DEVICE_FAMILY = "1,2";
				TEST_HOST = "$(BUILT_PRODUCTS_DIR)/DependencyManager_Example.app/DependencyManager_Example";
			};
			name = Release;
		};
		607FACEE1AFB9204008FA782 /* Release */ = {
			isa = XCBuildConfiguration;
			buildSettings = {
				ALWAYS_SEARCH_USER_PATHS = NO;
				CLANG_CXX_LANGUAGE_STANDARD = "gnu++0x";
				CLANG_CXX_LIBRARY = "libc++";
				CLANG_ENABLE_MODULES = YES;
				CLANG_ENABLE_OBJC_ARC = YES;
				CLANG_WARN_BLOCK_CAPTURE_AUTORELEASING = YES;
				CLANG_WARN_BOOL_CONVERSION = YES;
				CLANG_WARN_COMMA = YES;
				CLANG_WARN_CONSTANT_CONVERSION = YES;
				CLANG_WARN_DIRECT_OBJC_ISA_USAGE = YES_ERROR;
				CLANG_WARN_EMPTY_BODY = YES;
				CLANG_WARN_ENUM_CONVERSION = YES;
				CLANG_WARN_INFINITE_RECURSION = YES;
				CLANG_WARN_INT_CONVERSION = YES;
				CLANG_WARN_NON_LITERAL_NULL_CONVERSION = YES;
				CLANG_WARN_OBJC_LITERAL_CONVERSION = YES;
				CLANG_WARN_OBJC_ROOT_CLASS = YES_ERROR;
				CLANG_WARN_RANGE_LOOP_ANALYSIS = YES;
				CLANG_WARN_STRICT_PROTOTYPES = YES;
				CLANG_WARN_SUSPICIOUS_MOVE = YES;
				CLANG_WARN_UNREACHABLE_CODE = YES;
				CLANG_WARN__DUPLICATE_METHOD_MATCH = YES;
				"CODE_SIGN_IDENTITY[sdk=iphoneos*]" = "iPhone Developer";
				COPY_PHASE_STRIP = NO;
				DEBUG_INFORMATION_FORMAT = "dwarf-with-dsym";
				ENABLE_NS_ASSERTIONS = NO;
				ENABLE_STRICT_OBJC_MSGSEND = YES;
				GCC_C_LANGUAGE_STANDARD = gnu99;
				GCC_NO_COMMON_BLOCKS = YES;
				GCC_WARN_64_TO_32_BIT_CONVERSION = YES;
				GCC_WARN_ABOUT_RETURN_TYPE = YES_ERROR;
				GCC_WARN_UNDECLARED_SELECTOR = YES;
				GCC_WARN_UNINITIALIZED_AUTOS = YES_AGGRESSIVE;
				GCC_WARN_UNUSED_FUNCTION = YES;
				GCC_WARN_UNUSED_VARIABLE = YES;
				IPHONEOS_DEPLOYMENT_TARGET = 9.3;
				MTL_ENABLE_DEBUG_INFO = NO;
				SDKROOT = iphoneos;
				SWIFT_OPTIMIZATION_LEVEL = "-Owholemodule";
				SWIFT_VERSION = 4.2;
				VALIDATE_PRODUCT = YES;
			};
			name = Release;
		};
		607FACF11AFB9204008FA782 /* Release */ = {
			isa = XCBuildConfiguration;
			buildSettings = {
				ALWAYS_EMBED_SWIFT_STANDARD_LIBRARIES = YES;
				ASSETCATALOG_COMPILER_APPICON_NAME = AppIcon;
				CODE_SIGN_IDENTITY = "iPhone Developer";
				INFOPLIST_FILE = DependencyManager/Info.plist;
				IPHONEOS_DEPLOYMENT_TARGET = 10.0;
				LD_RUNPATH_SEARCH_PATHS = "$(inherited) @executable_path/Frameworks";
				MODULE_NAME = ExampleApp;
				PRODUCT_BUNDLE_IDENTIFIER = "org.cocoapods.demo.$(PRODUCT_NAME:rfc1034identifier)";
				PRODUCT_NAME = "$(TARGET_NAME)";
				SWIFT_SWIFT3_OBJC_INFERENCE = Default;
				SWIFT_VERSION = 4.0;
			};
			name = Release;
		};
/* End XCBuildConfiguration section */

/* Begin XCConfigurationList section */
		099929E2216B99C200C6C21E /* Build configuration list for PBXNativeTarget "DependencyManager" */ = {
			isa = XCConfigurationList;
			buildConfigurations = (
				099929E4216B99C200C6C21E /* Release */,
			);
			defaultConfigurationIsVisible = 0;
			defaultConfigurationName = Release;
		};
		099929E5216B99C200C6C21E /* Build configuration list for PBXNativeTarget "DependencyManagerTests" */ = {
			isa = XCConfigurationList;
			buildConfigurations = (
				099929E7216B99C200C6C21E /* Release */,
			);
			defaultConfigurationIsVisible = 0;
			defaultConfigurationName = Release;
		};
		607FACCB1AFB9204008FA782 /* Build configuration list for PBXProject "DependencyManager" */ = {
			isa = XCConfigurationList;
			buildConfigurations = (
				607FACEE1AFB9204008FA782 /* Release */,
			);
			defaultConfigurationIsVisible = 0;
			defaultConfigurationName = Release;
		};
		607FACEF1AFB9204008FA782 /* Build configuration list for PBXNativeTarget "DependencyManager_Example" */ = {
			isa = XCConfigurationList;
			buildConfigurations = (
				607FACF11AFB9204008FA782 /* Release */,
			);
			defaultConfigurationIsVisible = 0;
			defaultConfigurationName = Release;
		};
/* End XCConfigurationList section */
	};
	rootObject = 607FACC81AFB9204008FA782 /* Project object */;
}
